
Microsoft Visual Studio Solution File, Format Version 12.00
# Visual Studio Version 17
VisualStudioVersion = 17.10.35027.167
MinimumVisualStudioVersion = 10.0.40219.1
Project("{FAE04EC0-301F-11D3-BF4B-00C04F79EFBC}") = "login MVC", "login MVC\login MVC.csproj", "{EF29A286-A7C3-4AEA-9F3C-0CD26D914117}"
EndProject
Global
	GlobalSection(SolutionConfigurationPlatforms) = preSolution
		Debug|Any CPU = Debug|Any CPU
		Release|Any CPU = Release|Any CPU
	EndGlobalSection
	GlobalSection(ProjectConfigurationPlatforms) = postSolution
		{EF29A286-A7C3-4AEA-9F3C-0CD26D914117}.Debug|Any CPU.ActiveCfg = Debug|Any CPU
		{EF29A286-A7C3-4AEA-9F3C-0CD26D914117}.Debug|Any CPU.Build.0 = Debug|Any CPU
		{EF29A286-A7C3-4AEA-9F3C-0CD26D914117}.Release|Any CPU.ActiveCfg = Release|Any CPU
		{EF29A286-A7C3-4AEA-9F3C-0CD26D914117}.Release|Any CPU.Build.0 = Release|Any CPU
	EndGlobalSection
	GlobalSection(SolutionProperties) = preSolution
		HideSolutionNode = FALSE
	EndGlobalSection
	GlobalSection(ExtensibilityGlobals) = postSolution
		SolutionGuid = {941F8014-1C69-4E78-A64F-E08E012C5E5D}
	EndGlobalSection
EndGlobal
